
Microsoft Visual Studio Solution File, Format Version 12.00
# Visual Studio 14
VisualStudioVersion = 14.0.25420.1
MinimumVisualStudioVersion = 10.0.40219.1
Project("{FAE04EC0-301F-11D3-BF4B-00C04F79EFBC}") = "Busey", "Busey.csproj", "{2390E7DC-3EA1-411D-B342-73F08159ACC4}"
EndProject
Global
	GlobalSection(SolutionConfigurationPlatforms) = preSolution
		Debug|Any CPU = Debug|Any CPU
		Release|Any CPU = Release|Any CPU
	EndGlobalSection
	GlobalSection(ProjectConfigurationPlatforms) = postSolution
		{2390E7DC-3EA1-411D-B342-73F08159ACC4}.Debug|Any CPU.ActiveCfg = Debug|Any CPU
		{2390E7DC-3EA1-411D-B342-73F08159ACC4}.Debug|Any CPU.Build.0 = Debug|Any CPU
		{2390E7DC-3EA1-411D-B342-73F08159ACC4}.Release|Any CPU.ActiveCfg = Release|Any CPU
		{2390E7DC-3EA1-411D-B342-73F08159ACC4}.Release|Any CPU.Build.0 = Release|Any CPU
	EndGlobalSection
	GlobalSection(SolutionProperties) = preSolution
		HideSolutionNode = FALSE
	EndGlobalSection
EndGlobal
